
Microsoft Visual Studio Solution File, Format Version 12.00
# Visual Studio 15
VisualStudioVersion = 15.0.27130.2027
MinimumVisualStudioVersion = 10.0.40219.1
Project("{8BC9CEB8-8B4A-11D0-8D11-00A0C91BC942}") = "stack_封装and表达式求值", "stack_封装and表达式求值.vcxproj", "{D876A15A-BB40-465D-8CB7-E9591FDEFA2F}"
EndProject
Global
	GlobalSection(SolutionConfigurationPlatforms) = preSolution
		Debug|x64 = Debug|x64
		Debug|x86 = Debug|x86
		Release|x64 = Release|x64
		Release|x86 = Release|x86
	EndGlobalSection
	GlobalSection(ProjectConfigurationPlatforms) = postSolution
		{D876A15A-BB40-465D-8CB7-E9591FDEFA2F}.Debug|x64.ActiveCfg = Debug|x64
		{D876A15A-BB40-465D-8CB7-E9591FDEFA2F}.Debug|x64.Build.0 = Debug|x64
		{D876A15A-BB40-465D-8CB7-E9591FDEFA2F}.Debug|x86.ActiveCfg = Debug|Win32
		{D876A15A-BB40-465D-8CB7-E9591FDEFA2F}.Debug|x86.Build.0 = Debug|Win32
		{D876A15A-BB40-465D-8CB7-E9591FDEFA2F}.Release|x64.ActiveCfg = Release|x64
		{D876A15A-BB40-465D-8CB7-E9591FDEFA2F}.Release|x64.Build.0 = Release|x64
		{D876A15A-BB40-465D-8CB7-E9591FDEFA2F}.Release|x86.ActiveCfg = Release|Win32
		{D876A15A-BB40-465D-8CB7-E9591FDEFA2F}.Release|x86.Build.0 = Release|Win32
	EndGlobalSection
	GlobalSection(SolutionProperties) = preSolution
		HideSolutionNode = FALSE
	EndGlobalSection
	GlobalSection(ExtensibilityGlobals) = postSolution
		SolutionGuid = {257980C6-80FB-427E-A9AD-956A02EA0758}
	EndGlobalSection
EndGlobal
